# Generated by buf. DO NOT EDIT.
deps:
  - remote: buf.build
    owner: beta
    repository: googleapis
    branch: main
    commit: ac0d624de3f746c3b8ef55c74b6f5244
    digest: b1-GubXb4hZ56wTohZYDL-Muute9Jxx8J4TtIYucS30TBM=
    create_time: 2021-08-12T19:53:55.128813Z
  - remote: buf.build
    owner: googleapis
    repository: googleapis
    branch: main
    commit: 8bb768d6ffdf4397a969703e17229c64
    digest: b1-XBTiIVY_nnoxqpEs9HZSN6Kp6b6a5227z-i0i3Rjpqg=
    create_time: 2022-03-11T15:04:54.345093Z
  - remote: buf.build
    owner: grpc-ecosystem
    repository: grpc-gateway
    branch: main
    commit: f85c60ac38544f2d8f346491c9d916e5
    digest: b1-qqV9hYsmYDGNXfic_Vap4lKVarQS4-RGAllaxwnTljM=
    create_time: 2022-03-21T20:28:59.8282Z
